// !$*UTF8*$!
{
	archiveVersion = 1;
	classes = {
	};
	objectVersion = 46;
	objects = {

/* Begin PBXBuildFile section */
		6767373D14CCA22A0036F475 /* Foundation.framework in Frameworks */ = {isa = PBXBuildFile; fileRef = 6767373C14CCA22A0036F475 /* Foundation.framework */; };
		6767373F14CCA22A0036F475 /* UIKit.framework in Frameworks */ = {isa = PBXBuildFile; fileRef = 6767373E14CCA22A0036F475 /* UIKit.framework */; };
		6767374114CCA22A0036F475 /* CoreGraphics.framework in Frameworks */ = {isa = PBXBuildFile; fileRef = 6767374014CCA22A0036F475 /* CoreGraphics.framework */; };
		6767374314CCA22A0036F475 /* AddressBook.framework in Frameworks */ = {isa = PBXBuildFile; fileRef = 6767374214CCA22A0036F475 /* AddressBook.framework */; };
		6767374514CCA22A0036F475 /* AddressBookUI.framework in Frameworks */ = {isa = PBXBuildFile; fileRef = 6767374414CCA22A0036F475 /* AddressBookUI.framework */; };
		6767374714CCA22A0036F475 /* AudioToolbox.framework in Frameworks */ = {isa = PBXBuildFile; fileRef = 6767374614CCA22A0036F475 /* AudioToolbox.framework */; };
		6767374914CCA22A0036F475 /* AVFoundation.framework in Frameworks */ = {isa = PBXBuildFile; fileRef = 6767374814CCA22A0036F475 /* AVFoundation.framework */; };
		6767374B14CCA22A0036F475 /* CoreLocation.framework in Frameworks */ = {isa = PBXBuildFile; fileRef = 6767374A14CCA22A0036F475 /* CoreLocation.framework */; };
		6767374D14CCA22A0036F475 /* MediaPlayer.framework in Frameworks */ = {isa = PBXBuildFile; fileRef = 6767374C14CCA22A0036F475 /* MediaPlayer.framework */; };
		6767374F14CCA22A0036F475 /* QuartzCore.framework in Frameworks */ = {isa = PBXBuildFile; fileRef = 6767374E14CCA22A0036F475 /* QuartzCore.framework */; };
		6767375114CCA22A0036F475 /* SystemConfiguration.framework in Frameworks */ = {isa = PBXBuildFile; fileRef = 6767375014CCA22A0036F475 /* SystemConfiguration.framework */; };
		6767375314CCA22A0036F475 /* MobileCoreServices.framework in Frameworks */ = {isa = PBXBuildFile; fileRef = 6767375214CCA22A0036F475 /* MobileCoreServices.framework */; };
		6767375514CCA22A0036F475 /* CoreMedia.framework in Frameworks */ = {isa = PBXBuildFile; fileRef = 6767375414CCA22A0036F475 /* CoreMedia.framework */; };
		6767375B14CCA22A0036F475 /* InfoPlist.strings in Resources */ = {isa = PBXBuildFile; fileRef = 6767375914CCA22A0036F475 /* InfoPlist.strings */; };
		6767375D14CCA22A0036F475 /* main.m in Sources */ = {isa = PBXBuildFile; fileRef = 6767375C14CCA22A0036F475 /* main.m */; };
		6767376014CCA22A0036F475 /* PhoneGap.framework in Frameworks */ = {isa = PBXBuildFile; fileRef = 6767375F14CCA22A0036F475 /* PhoneGap.framework */; };
		6767376514CCA22A0036F475 /* Localizable.strings in Resources */ = {isa = PBXBuildFile; fileRef = 6767376314CCA22A0036F475 /* Localizable.strings */; };
		6767376914CCA22A0036F475 /* Localizable.strings in Resources */ = {isa = PBXBuildFile; fileRef = 6767376714CCA22A0036F475 /* Localizable.strings */; };
		6767376C14CCA22A0036F475 /* icon.png in Resources */ = {isa = PBXBuildFile; fileRef = 6767376B14CCA22A0036F475 /* icon.png */; };
		6767376E14CCA22A0036F475 /* icon@2x.png in Resources */ = {isa = PBXBuildFile; fileRef = 6767376D14CCA22A0036F475 /* icon@2x.png */; };
		6767377014CCA22A0036F475 /* icon-72.png in Resources */ = {isa = PBXBuildFile; fileRef = 6767376F14CCA22A0036F475 /* icon-72.png */; };
		6767377314CCA22A0036F475 /* Default.png in Resources */ = {isa = PBXBuildFile; fileRef = 6767377214CCA22A0036F475 /* Default.png */; };
		6767377514CCA22A0036F475 /* Default@2x.png in Resources */ = {isa = PBXBuildFile; fileRef = 6767377414CCA22A0036F475 /* Default@2x.png */; };
		6767377714CCA22A0036F475 /* Capture.bundle in Resources */ = {isa = PBXBuildFile; fileRef = 6767377614CCA22A0036F475 /* Capture.bundle */; };
		6767377914CCA22A0036F475 /* PhoneGap.plist in Resources */ = {isa = PBXBuildFile; fileRef = 6767377814CCA22A0036F475 /* PhoneGap.plist */; };
		6767377D14CCA22A0036F475 /* AppDelegate.m in Sources */ = {isa = PBXBuildFile; fileRef = 6767377C14CCA22A0036F475 /* AppDelegate.m */; };
		6767378614CCA3000036F475 /* www in Resources */ = {isa = PBXBuildFile; fileRef = 6767378514CCA3000036F475 /* www */; };
		6767378814CCABD10036F475 /* splash.jpg in Resources */ = {isa = PBXBuildFile; fileRef = 6767378714CCABD10036F475 /* splash.jpg */; };
		6767378A14CCAC970036F475 /* Default.png in Resources */ = {isa = PBXBuildFile; fileRef = 6767378914CCAC970036F475 /* Default.png */; };
		6767378C14CCAEAA0036F475 /* Default@2x.png in Resources */ = {isa = PBXBuildFile; fileRef = 6767378B14CCAEAA0036F475 /* Default@2x.png */; };
		6767378E14CCAF320036F475 /* icon.png in Resources */ = {isa = PBXBuildFile; fileRef = 6767378D14CCAF320036F475 /* icon.png */; };
/* End PBXBuildFile section */

/* Begin PBXFileReference section */
		6767373814CCA22A0036F475 /* No Kill Kitties.app */ = {isa = PBXFileReference; explicitFileType = wrapper.application; includeInIndex = 0; path = "No Kill Kitties.app"; sourceTree = BUILT_PRODUCTS_DIR; };
		6767373C14CCA22A0036F475 /* Foundation.framework */ = {isa = PBXFileReference; lastKnownFileType = wrapper.framework; name = Foundation.framework; path = System/Library/Frameworks/Foundation.framework; sourceTree = SDKROOT; };
		6767373E14CCA22A0036F475 /* UIKit.framework */ = {isa = PBXFileReference; lastKnownFileType = wrapper.framework; name = UIKit.framework; path = System/Library/Frameworks/UIKit.framework; sourceTree = SDKROOT; };
		6767374014CCA22A0036F475 /* CoreGraphics.framework */ = {isa = PBXFileReference; lastKnownFileType = wrapper.framework; name = CoreGraphics.framework; path = System/Library/Frameworks/CoreGraphics.framework; sourceTree = SDKROOT; };
		6767374214CCA22A0036F475 /* AddressBook.framework */ = {isa = PBXFileReference; lastKnownFileType = wrapper.framework; name = AddressBook.framework; path = System/Library/Frameworks/AddressBook.framework; sourceTree = SDKROOT; };
		6767374414CCA22A0036F475 /* AddressBookUI.framework */ = {isa = PBXFileReference; lastKnownFileType = wrapper.framework; name = AddressBookUI.framework; path = System/Library/Frameworks/AddressBookUI.framework; sourceTree = SDKROOT; };
		6767374614CCA22A0036F475 /* AudioToolbox.framework */ = {isa = PBXFileReference; lastKnownFileType = wrapper.framework; name = AudioToolbox.framework; path = System/Library/Frameworks/AudioToolbox.framework; sourceTree = SDKROOT; };
		6767374814CCA22A0036F475 /* AVFoundation.framework */ = {isa = PBXFileReference; lastKnownFileType = wrapper.framework; name = AVFoundation.framework; path = System/Library/Frameworks/AVFoundation.framework; sourceTree = SDKROOT; };
		6767374A14CCA22A0036F475 /* CoreLocation.framework */ = {isa = PBXFileReference; lastKnownFileType = wrapper.framework; name = CoreLocation.framework; path = System/Library/Frameworks/CoreLocation.framework; sourceTree = SDKROOT; };
		6767374C14CCA22A0036F475 /* MediaPlayer.framework */ = {isa = PBXFileReference; lastKnownFileType = wrapper.framework; name = MediaPlayer.framework; path = System/Library/Frameworks/MediaPlayer.framework; sourceTree = SDKROOT; };
		6767374E14CCA22A0036F475 /* QuartzCore.framework */ = {isa = PBXFileReference; lastKnownFileType = wrapper.framework; name = QuartzCore.framework; path = System/Library/Frameworks/QuartzCore.framework; sourceTree = SDKROOT; };
		6767375014CCA22A0036F475 /* SystemConfiguration.framework */ = {isa = PBXFileReference; lastKnownFileType = wrapper.framework; name = SystemConfiguration.framework; path = System/Library/Frameworks/SystemConfiguration.framework; sourceTree = SDKROOT; };
		6767375214CCA22A0036F475 /* MobileCoreServices.framework */ = {isa = PBXFileReference; lastKnownFileType = wrapper.framework; name = MobileCoreServices.framework; path = System/Library/Frameworks/MobileCoreServices.framework; sourceTree = SDKROOT; };
		6767375414CCA22A0036F475 /* CoreMedia.framework */ = {isa = PBXFileReference; lastKnownFileType = wrapper.framework; name = CoreMedia.framework; path = System/Library/Frameworks/CoreMedia.framework; sourceTree = SDKROOT; };
		6767375814CCA22A0036F475 /* No Kill Kitties-Info.plist */ = {isa = PBXFileReference; lastKnownFileType = text.plist.xml; path = "No Kill Kitties-Info.plist"; sourceTree = "<group>"; };
		6767375A14CCA22A0036F475 /* en */ = {isa = PBXFileReference; lastKnownFileType = text.plist.strings; name = en; path = en.lproj/InfoPlist.strings; sourceTree = "<group>"; };
		6767375C14CCA22A0036F475 /* main.m */ = {isa = PBXFileReference; lastKnownFileType = sourcecode.c.objc; path = main.m; sourceTree = "<group>"; };
		6767375E14CCA22A0036F475 /* No Kill Kitties-Prefix.pch */ = {isa = PBXFileReference; lastKnownFileType = sourcecode.c.h; path = "No Kill Kitties-Prefix.pch"; sourceTree = "<group>"; };
		6767375F14CCA22A0036F475 /* PhoneGap.framework */ = {isa = PBXFileReference; lastKnownFileType = wrapper.framework; name = PhoneGap.framework; path = /Users/Shared/PhoneGap/Frameworks/PhoneGap.framework; sourceTree = "<absolute>"; };
		6767376414CCA22A0036F475 /* en */ = {isa = PBXFileReference; lastKnownFileType = text.plist.strings; name = en; path = Resources/en.lproj/Localizable.strings; sourceTree = "<group>"; };
		6767376814CCA22A0036F475 /* es */ = {isa = PBXFileReference; lastKnownFileType = text.plist.strings; name = es; path = Resources/es.lproj/Localizable.strings; sourceTree = "<group>"; };
		6767376B14CCA22A0036F475 /* icon.png */ = {isa = PBXFileReference; lastKnownFileType = image.png; name = icon.png; path = Resources/icons/icon.png; sourceTree = "<group>"; };
		6767376D14CCA22A0036F475 /* icon@2x.png */ = {isa = PBXFileReference; lastKnownFileType = image.png; name = "icon@2x.png"; path = "Resources/icons/icon@2x.png"; sourceTree = "<group>"; };
		6767376F14CCA22A0036F475 /* icon-72.png */ = {isa = PBXFileReference; lastKnownFileType = image.png; name = "icon-72.png"; path = "Resources/icons/icon-72.png"; sourceTree = "<group>"; };
		6767377214CCA22A0036F475 /* Default.png */ = {isa = PBXFileReference; lastKnownFileType = image.png; name = Default.png; path = Resources/splash/Default.png; sourceTree = "<group>"; };
		6767377414CCA22A0036F475 /* Default@2x.png */ = {isa = PBXFileReference; lastKnownFileType = image.png; name = "Default@2x.png"; path = "Resources/splash/Default@2x.png"; sourceTree = "<group>"; };
		6767377614CCA22A0036F475 /* Capture.bundle */ = {isa = PBXFileReference; lastKnownFileType = "wrapper.plug-in"; name = Capture.bundle; path = Resources/Capture.bundle; sourceTree = "<group>"; };
		6767377814CCA22A0036F475 /* PhoneGap.plist */ = {isa = PBXFileReference; lastKnownFileType = text.plist.xml; path = PhoneGap.plist; sourceTree = "<group>"; };
		6767377B14CCA22A0036F475 /* AppDelegate.h */ = {isa = PBXFileReference; lastKnownFileType = sourcecode.c.h; name = AppDelegate.h; path = Classes/AppDelegate.h; sourceTree = "<group>"; };
		6767377C14CCA22A0036F475 /* AppDelegate.m */ = {isa = PBXFileReference; lastKnownFileType = sourcecode.c.objc; name = AppDelegate.m; path = Classes/AppDelegate.m; sourceTree = "<group>"; };
		6767377F14CCA22A0036F475 /* README */ = {isa = PBXFileReference; lastKnownFileType = text; name = README; path = Plugins/README; sourceTree = "<group>"; };
		6767378514CCA3000036F475 /* www */ = {isa = PBXFileReference; lastKnownFileType = folder; path = www; sourceTree = "<group>"; };
		6767378714CCABD10036F475 /* splash.jpg */ = {isa = PBXFileReference; lastKnownFileType = image.jpeg; name = splash.jpg; path = Resources/splash/splash.jpg; sourceTree = "<group>"; };
		6767378914CCAC970036F475 /* Default.png */ = {isa = PBXFileReference; lastKnownFileType = image.png; path = Default.png; sourceTree = "<group>"; };
		6767378B14CCAEAA0036F475 /* Default@2x.png */ = {isa = PBXFileReference; lastKnownFileType = image.png; path = "Default@2x.png"; sourceTree = "<group>"; };
		6767378D14CCAF320036F475 /* icon.png */ = {isa = PBXFileReference; lastKnownFileType = image.png; path = icon.png; sourceTree = "<group>"; };
/* End PBXFileReference section */

/* Begin PBXFrameworksBuildPhase section */
		6767373214CCA22A0036F475 /* Frameworks */ = {
			isa = PBXFrameworksBuildPhase;
			buildActionMask = 2147483647;
			files = (
				6767373D14CCA22A0036F475 /* Foundation.framework in Frameworks */,
				6767373F14CCA22A0036F475 /* UIKit.framework in Frameworks */,
				6767374114CCA22A0036F475 /* CoreGraphics.framework in Frameworks */,
				6767374314CCA22A0036F475 /* AddressBook.framework in Frameworks */,
				6767374514CCA22A0036F475 /* AddressBookUI.framework in Frameworks */,
				6767374714CCA22A0036F475 /* AudioToolbox.framework in Frameworks */,
				6767374914CCA22A0036F475 /* AVFoundation.framework in Frameworks */,
				6767374B14CCA22A0036F475 /* CoreLocation.framework in Frameworks */,
				6767374D14CCA22A0036F475 /* MediaPlayer.framework in Frameworks */,
				6767374F14CCA22A0036F475 /* QuartzCore.framework in Frameworks */,
				6767375114CCA22A0036F475 /* SystemConfiguration.framework in Frameworks */,
				6767375314CCA22A0036F475 /* MobileCoreServices.framework in Frameworks */,
				6767375514CCA22A0036F475 /* CoreMedia.framework in Frameworks */,
				6767376014CCA22A0036F475 /* PhoneGap.framework in Frameworks */,
			);
			runOnlyForDeploymentPostprocessing = 0;
		};
		6767373514CCA22A0036F475 /* Frameworks */ = {
			isa = PBXFrameworksBuildPhase;
			buildActionMask = 2147483647;
			files = (
			);
			runOnlyForDeploymentPostprocessing = 0;
		};
/* End PBXFrameworksBuildPhase section */

/* Begin PBXGroup section */
		6767372A14CCA22A0036F475 = {
			isa = PBXGroup;
			children = (
				6767378D14CCAF320036F475 /* icon.png */,
				6767378B14CCAEAA0036F475 /* Default@2x.png */,
				6767378914CCAC970036F475 /* Default.png */,
				6767378514CCA3000036F475 /* www */,
				6767375614CCA22A0036F475 /* No Kill Kitties */,
				6767373B14CCA22A0036F475 /* Frameworks */,
				6767373914CCA22A0036F475 /* Products */,
			);
			sourceTree = "<group>";
		};
		6767373914CCA22A0036F475 /* Products */ = {
			isa = PBXGroup;
			children = (
				6767373814CCA22A0036F475 /* No Kill Kitties.app */,
			);
			name = Products;
			sourceTree = "<group>";
		};
		6767373B14CCA22A0036F475 /* Frameworks */ = {
			isa = PBXGroup;
			children = (
				6767373C14CCA22A0036F475 /* Foundation.framework */,
				6767373E14CCA22A0036F475 /* UIKit.framework */,
				6767374014CCA22A0036F475 /* CoreGraphics.framework */,
				6767374214CCA22A0036F475 /* AddressBook.framework */,
				6767374414CCA22A0036F475 /* AddressBookUI.framework */,
				6767374614CCA22A0036F475 /* AudioToolbox.framework */,
				6767374814CCA22A0036F475 /* AVFoundation.framework */,
				6767374A14CCA22A0036F475 /* CoreLocation.framework */,
				6767374C14CCA22A0036F475 /* MediaPlayer.framework */,
				6767374E14CCA22A0036F475 /* QuartzCore.framework */,
				6767375014CCA22A0036F475 /* SystemConfiguration.framework */,
				6767375214CCA22A0036F475 /* MobileCoreServices.framework */,
				6767375414CCA22A0036F475 /* CoreMedia.framework */,
			);
			name = Frameworks;
			sourceTree = "<group>";
		};
		6767375614CCA22A0036F475 /* No Kill Kitties */ = {
			isa = PBXGroup;
			children = (
				6767375F14CCA22A0036F475 /* PhoneGap.framework */,
				6767376114CCA22A0036F475 /* Resources */,
				6767377A14CCA22A0036F475 /* Classes */,
				6767377E14CCA22A0036F475 /* Plugins */,
				6767375714CCA22A0036F475 /* Supporting Files */,
			);
			path = "No Kill Kitties";
			sourceTree = "<group>";
		};
		6767375714CCA22A0036F475 /* Supporting Files */ = {
			isa = PBXGroup;
			children = (
				6767375814CCA22A0036F475 /* No Kill Kitties-Info.plist */,
				6767375914CCA22A0036F475 /* InfoPlist.strings */,
				6767375C14CCA22A0036F475 /* main.m */,
				6767375E14CCA22A0036F475 /* No Kill Kitties-Prefix.pch */,
				6767377814CCA22A0036F475 /* PhoneGap.plist */,
			);
			name = "Supporting Files";
			sourceTree = "<group>";
		};
		6767376114CCA22A0036F475 /* Resources */ = {
			isa = PBXGroup;
			children = (
				6767377614CCA22A0036F475 /* Capture.bundle */,
				6767376214CCA22A0036F475 /* en.lproj */,
				6767376614CCA22A0036F475 /* es.lproj */,
				6767376A14CCA22A0036F475 /* icons */,
				6767377114CCA22A0036F475 /* splash */,
			);
			name = Resources;
			sourceTree = "<group>";
		};
		6767376214CCA22A0036F475 /* en.lproj */ = {
			isa = PBXGroup;
			children = (
				6767376314CCA22A0036F475 /* Localizable.strings */,
			);
			name = en.lproj;
			sourceTree = "<group>";
		};
		6767376614CCA22A0036F475 /* es.lproj */ = {
			isa = PBXGroup;
			children = (
				6767376714CCA22A0036F475 /* Localizable.strings */,
			);
			name = es.lproj;
			sourceTree = "<group>";
		};
		6767376A14CCA22A0036F475 /* icons */ = {
			isa = PBXGroup;
			children = (
				6767376B14CCA22A0036F475 /* icon.png */,
				6767376D14CCA22A0036F475 /* icon@2x.png */,
				6767376F14CCA22A0036F475 /* icon-72.png */,
			);
			name = icons;
			sourceTree = "<group>";
		};
		6767377114CCA22A0036F475 /* splash */ = {
			isa = PBXGroup;
			children = (
				6767378714CCABD10036F475 /* splash.jpg */,
				6767377214CCA22A0036F475 /* Default.png */,
				6767377414CCA22A0036F475 /* Default@2x.png */,
			);
			name = splash;
			sourceTree = "<group>";
		};
		6767377A14CCA22A0036F475 /* Classes */ = {
			isa = PBXGroup;
			children = (
				6767377B14CCA22A0036F475 /* AppDelegate.h */,
				6767377C14CCA22A0036F475 /* AppDelegate.m */,
			);
			name = Classes;
			sourceTree = "<group>";
		};
		6767377E14CCA22A0036F475 /* Plugins */ = {
			isa = PBXGroup;
			children = (
				6767377F14CCA22A0036F475 /* README */,
			);
			name = Plugins;
			sourceTree = "<group>";
		};
/* End PBXGroup section */

/* Begin PBXNativeTarget section */
		6767373714CCA22A0036F475 /* No Kill Kitties */ = {
			isa = PBXNativeTarget;
			buildConfigurationList = 6767378214CCA22A0036F475 /* Build configuration list for PBXNativeTarget "No Kill Kitties" */;
			buildPhases = (
				6767373114CCA22A0036F475 /* Sources */,
				6767373214CCA22A0036F475 /* Frameworks */,
				6767373314CCA22A0036F475 /* Resources */,
				6767373414CCA22A0036F475 /* Sources */,
				6767373514CCA22A0036F475 /* Frameworks */,
				6767373614CCA22A0036F475 /* ShellScript */,
			);
			buildRules = (
			);
			dependencies = (
			);
			name = "No Kill Kitties";
			productName = "No Kill Kitties";
			productReference = 6767373814CCA22A0036F475 /* No Kill Kitties.app */;
			productType = "com.apple.product-type.application";
		};
/* End PBXNativeTarget section */

/* Begin PBXProject section */
		6767372C14CCA22A0036F475 /* Project object */ = {
			isa = PBXProject;
			attributes = {
				LastUpgradeCheck = 0420;
			};
			buildConfigurationList = 6767372F14CCA22A0036F475 /* Build configuration list for PBXProject "No Kill Kitties" */;
			compatibilityVersion = "Xcode 3.2";
			developmentRegion = English;
			hasScannedForEncodings = 0;
			knownRegions = (
				en,
				es,
			);
			mainGroup = 6767372A14CCA22A0036F475;
			productRefGroup = 6767373914CCA22A0036F475 /* Products */;
			projectDirPath = "";
			projectRoot = "";
			targets = (
				6767373714CCA22A0036F475 /* No Kill Kitties */,
			);
		};
/* End PBXProject section */

/* Begin PBXResourcesBuildPhase section */
		6767373314CCA22A0036F475 /* Resources */ = {
			isa = PBXResourcesBuildPhase;
			buildActionMask = 2147483647;
			files = (
				6767375B14CCA22A0036F475 /* InfoPlist.strings in Resources */,
				6767376514CCA22A0036F475 /* Localizable.strings in Resources */,
				6767376914CCA22A0036F475 /* Localizable.strings in Resources */,
				6767376C14CCA22A0036F475 /* icon.png in Resources */,
				6767376E14CCA22A0036F475 /* icon@2x.png in Resources */,
				6767377014CCA22A0036F475 /* icon-72.png in Resources */,
				6767377314CCA22A0036F475 /* Default.png in Resources */,
				6767377514CCA22A0036F475 /* Default@2x.png in Resources */,
				6767377714CCA22A0036F475 /* Capture.bundle in Resources */,
				6767377914CCA22A0036F475 /* PhoneGap.plist in Resources */,
				6767378614CCA3000036F475 /* www in Resources */,
				6767378814CCABD10036F475 /* splash.jpg in Resources */,
				6767378A14CCAC970036F475 /* Default.png in Resources */,
				6767378C14CCAEAA0036F475 /* Default@2x.png in Resources */,
				6767378E14CCAF320036F475 /* icon.png in Resources */,
			);
			runOnlyForDeploymentPostprocessing = 0;
		};
/* End PBXResourcesBuildPhase section */

/* Begin PBXShellScriptBuildPhase section */
		6767373614CCA22A0036F475 /* ShellScript */ = {
			isa = PBXShellScriptBuildPhase;
			buildActionMask = 2147483647;
			files = (
			);
			inputPaths = (
			);
			outputPaths = (
			);
			runOnlyForDeploymentPostprocessing = 0;
			shellPath = /bin/bash;
			shellScript = "\n\t\t\t\t\t\t\t\tif [ ! -d \"$PROJECT_DIR/www\" ] ; then\n\t\t\t\t\t\t\t\t\tcp -R /Users/Shared/PhoneGap/Frameworks/PhoneGap.framework/www \"$PROJECT_DIR\"\n\t\t\t\t\t\t\t\tfi\n\t\t\t\t\t\t\t\t# detect www folder reference in project, if missing, print warning\n\t\t\t\t\t\t\t\tgrep \"{isa = PBXFileReference; lastKnownFileType = folder; path = www; sourceTree = \\\"<group>\\\"; };\" \"$PROJECT_DIR/$PROJECT_NAME.xcodeproj/project.pbxproj\"\n\t\t\t\t\t\t\t\trc=$? \n\t\t\t\t\t\t\t\tif [ $rc != 0 ] ; then\n\t\t\t\t\t\t\t\techo -e \"warning: Missing - Add $PROJECT_DIR/www as a folder reference in your project. Just drag and drop the folder into your project, into the Project Navigator of Xcode 4. Make sure you select the second radio-button: 'Create folder references for any added folders' (which will create a blue folder)\" 1>&2\n\t\t\t\t\t\t\t\tfi\t\t\t\t\t\t\t";
		};
/* End PBXShellScriptBuildPhase section */

/* Begin PBXSourcesBuildPhase section */
		6767373114CCA22A0036F475 /* Sources */ = {
			isa = PBXSourcesBuildPhase;
			buildActionMask = 2147483647;
			files = (
				6767375D14CCA22A0036F475 /* main.m in Sources */,
				6767377D14CCA22A0036F475 /* AppDelegate.m in Sources */,
			);
			runOnlyForDeploymentPostprocessing = 0;
		};
		6767373414CCA22A0036F475 /* Sources */ = {
			isa = PBXSourcesBuildPhase;
			buildActionMask = 2147483647;
			files = (
			);
			runOnlyForDeploymentPostprocessing = 0;
		};
/* End PBXSourcesBuildPhase section */

/* Begin PBXVariantGroup section */
		6767375914CCA22A0036F475 /* InfoPlist.strings */ = {
			isa = PBXVariantGroup;
			children = (
				6767375A14CCA22A0036F475 /* en */,
			);
			name = InfoPlist.strings;
			sourceTree = "<group>";
		};
		6767376314CCA22A0036F475 /* Localizable.strings */ = {
			isa = PBXVariantGroup;
			children = (
				6767376414CCA22A0036F475 /* en */,
			);
			name = Localizable.strings;
			sourceTree = "<group>";
		};
		6767376714CCA22A0036F475 /* Localizable.strings */ = {
			isa = PBXVariantGroup;
			children = (
				6767376814CCA22A0036F475 /* es */,
			);
			name = Localizable.strings;
			sourceTree = "<group>";
		};
/* End PBXVariantGroup section */

/* Begin XCBuildConfiguration section */
		6767378014CCA22A0036F475 /* Debug */ = {
			isa = XCBuildConfiguration;
			buildSettings = {
				ALWAYS_SEARCH_USER_PATHS = NO;
				ARCHS = "$(ARCHS_STANDARD_32_BIT)";
				CLANG_ENABLE_OBJC_ARC = YES;
				"CODE_SIGN_IDENTITY[sdk=iphoneos*]" = "iPhone Developer";
				COPY_PHASE_STRIP = NO;
				GCC_C_LANGUAGE_STANDARD = gnu99;
				GCC_DYNAMIC_NO_PIC = NO;
				GCC_OPTIMIZATION_LEVEL = 0;
				GCC_PREPROCESSOR_DEFINITIONS = (
					"DEBUG=1",
					"$(inherited)",
				);
				GCC_SYMBOLS_PRIVATE_EXTERN = NO;
				GCC_VERSION = com.apple.compilers.llvmgcc42;
				GCC_WARN_ABOUT_MISSING_PROTOTYPES = YES;
				GCC_WARN_ABOUT_RETURN_TYPE = YES;
				GCC_WARN_UNUSED_VARIABLE = YES;
				IPHONEOS_DEPLOYMENT_TARGET = 3.0;
				SDKROOT = iphoneos;
			};
			name = Debug;
		};
		6767378114CCA22A0036F475 /* Release */ = {
			isa = XCBuildConfiguration;
			buildSettings = {
				ALWAYS_SEARCH_USER_PATHS = NO;
				ARCHS = "$(ARCHS_STANDARD_32_BIT)";
				CLANG_ENABLE_OBJC_ARC = YES;
				"CODE_SIGN_IDENTITY[sdk=iphoneos*]" = "iPhone Developer";
				COPY_PHASE_STRIP = YES;
				GCC_C_LANGUAGE_STANDARD = gnu99;
				GCC_VERSION = com.apple.compilers.llvmgcc42;
				GCC_WARN_ABOUT_MISSING_PROTOTYPES = YES;
				GCC_WARN_ABOUT_RETURN_TYPE = YES;
				GCC_WARN_UNUSED_VARIABLE = YES;
				IPHONEOS_DEPLOYMENT_TARGET = 3.0;
				SDKROOT = iphoneos;
				VALIDATE_PRODUCT = YES;
			};
			name = Release;
		};
		6767378314CCA22A0036F475 /* Debug */ = {
			isa = XCBuildConfiguration;
			buildSettings = {
				ALWAYS_SEARCH_USER_PATHS = YES;
				COPY_PHASE_STRIP = NO;
				FRAMEWORK_SEARCH_PATHS = /Users/Shared/PhoneGap/Frameworks;
				GCC_DYNAMIC_NO_PIC = NO;
				GCC_PRECOMPILE_PREFIX_HEADER = YES;
				GCC_PREFIX_HEADER = "No Kill Kitties/No Kill Kitties-Prefix.pch";
				GCC_PREPROCESSOR_DEFINITIONS = "PHONEGAP_FRAMEWORK=YES";
				INFOPLIST_FILE = "No Kill Kitties/No Kill Kitties-Info.plist";
				IPHONEOS_DEPLOYMENT_TARGET = 5.0;
				OTHER_LDFLAGS = (
					"-weak_framework",
					UIKit,
					"-weak_framework",
					AVFoundation,
					"-weak_framework",
					CoreMedia,
					"-weak_library",
					/usr/lib/libSystem.B.dylib,
				);
				PRODUCT_NAME = "$(TARGET_NAME)";
				TARGETED_DEVICE_FAMILY = 1;
				WRAPPER_EXTENSION = app;
			};
			name = Debug;
		};
		6767378414CCA22A0036F475 /* Release */ = {
			isa = XCBuildConfiguration;
			buildSettings = {
				ALWAYS_SEARCH_USER_PATHS = YES;
				COPY_PHASE_STRIP = YES;
				DEBUG_INFORMATION_FORMAT = "dwarf-with-dsym";
				FRAMEWORK_SEARCH_PATHS = /Users/Shared/PhoneGap/Frameworks;
				GCC_PRECOMPILE_PREFIX_HEADER = YES;
				GCC_PREFIX_HEADER = "No Kill Kitties/No Kill Kitties-Prefix.pch";
				GCC_PREPROCESSOR_DEFINITIONS = "PHONEGAP_FRAMEWORK=YES";
				INFOPLIST_FILE = "No Kill Kitties/No Kill Kitties-Info.plist";
				IPHONEOS_DEPLOYMENT_TARGET = 5.0;
				OTHER_LDFLAGS = (
					"-weak_framework",
					UIKit,
					"-weak_framework",
					AVFoundation,
					"-weak_framework",
					CoreMedia,
					"-weak_library",
					/usr/lib/libSystem.B.dylib,
				);
				PRODUCT_NAME = "$(TARGET_NAME)";
				TARGETED_DEVICE_FAMILY = 1;
				VALIDATE_PRODUCT = YES;
				WRAPPER_EXTENSION = app;
			};
			name = Release;
		};
/* End XCBuildConfiguration section */

/* Begin XCConfigurationList section */
		6767372F14CCA22A0036F475 /* Build configuration list for PBXProject "No Kill Kitties" */ = {
			isa = XCConfigurationList;
			buildConfigurations = (
				6767378014CCA22A0036F475 /* Debug */,
				6767378114CCA22A0036F475 /* Release */,
			);
			defaultConfigurationIsVisible = 0;
			defaultConfigurationName = Release;
		};
		6767378214CCA22A0036F475 /* Build configuration list for PBXNativeTarget "No Kill Kitties" */ = {
			isa = XCConfigurationList;
			buildConfigurations = (
				6767378314CCA22A0036F475 /* Debug */,
				6767378414CCA22A0036F475 /* Release */,
			);
			defaultConfigurationIsVisible = 0;
		};
/* End XCConfigurationList section */
	};
	rootObject = 6767372C14CCA22A0036F475 /* Project object */;
}
